
Microsoft Visual Studio Solution File, Format Version 12.00
# Visual Studio Version 16
VisualStudioVersion = 16.0.31205.134
MinimumVisualStudioVersion = 10.0.40219.1
Project("{9A19103F-16F7-4668-BE54-9A1E7A4F7556}") = "SparebankenVest.HttpMessageSigning", "src\SparebankenVest.HttpMessageSigning\SparebankenVest.HttpMessageSigning.csproj", "{60C881D5-1DDB-4DE9-B44D-41FE3CE00E80}"
EndProject
Project("{9A19103F-16F7-4668-BE54-9A1E7A4F7556}") = "SparebankenVest.HttpMessageSigning.Tests", "test\SparebankenVest.HttpMessageSigning.Tests\SparebankenVest.HttpMessageSigning.Tests.csproj", "{C7A49C51-D781-499A-9ED9-4FB792DE8F54}"
EndProject
Project("{2150E333-8FDC-42A3-9474-1A3956D46DE8}") = "src", "src", "{D0F60E24-8C58-4CC4-ADEF-AD578ABF8CDB}"
	ProjectSection(SolutionItems) = preProject
		src\Directory.Build.props = src\Directory.Build.props
	EndProjectSection
EndProject
Project("{2150E333-8FDC-42A3-9474-1A3956D46DE8}") = "test", "test", "{F982A115-4CEF-4D3E-8906-DA38AF6A4398}"
EndProject
Project("{2150E333-8FDC-42A3-9474-1A3956D46DE8}") = "Solution Items", "Solution Items", "{B5ABE39C-A667-4855-8A37-6E53887FE841}"
	ProjectSection(SolutionItems) = preProject
		Directory.Build.props = Directory.Build.props
		mdsnippets.json = mdsnippets.json
		README.md = README.md
	EndProjectSection
EndProject
Project("{FAE04EC0-301F-11D3-BF4B-00C04F79EFBC}") = "SparebankenVest.HttpMessageSigning.ServiceModel", "src\SparebankenVest.HttpMessageSigning.ServiceModel\SparebankenVest.HttpMessageSigning.ServiceModel.csproj", "{9B777139-3F10-43FE-8CA0-D5C1CCF11535}"
EndProject
Global
	GlobalSection(SolutionConfigurationPlatforms) = preSolution
		Debug|Any CPU = Debug|Any CPU
		Release|Any CPU = Release|Any CPU
	EndGlobalSection
	GlobalSection(ProjectConfigurationPlatforms) = postSolution
		{60C881D5-1DDB-4DE9-B44D-41FE3CE00E80}.Debug|Any CPU.ActiveCfg = Debug|Any CPU
		{60C881D5-1DDB-4DE9-B44D-41FE3CE00E80}.Debug|Any CPU.Build.0 = Debug|Any CPU
		{60C881D5-1DDB-4DE9-B44D-41FE3CE00E80}.Release|Any CPU.ActiveCfg = Release|Any CPU
		{60C881D5-1DDB-4DE9-B44D-41FE3CE00E80}.Release|Any CPU.Build.0 = Release|Any CPU
		{C7A49C51-D781-499A-9ED9-4FB792DE8F54}.Debug|Any CPU.ActiveCfg = Debug|Any CPU
		{C7A49C51-D781-499A-9ED9-4FB792DE8F54}.Debug|Any CPU.Build.0 = Debug|Any CPU
		{C7A49C51-D781-499A-9ED9-4FB792DE8F54}.Release|Any CPU.ActiveCfg = Release|Any CPU
		{C7A49C51-D781-499A-9ED9-4FB792DE8F54}.Release|Any CPU.Build.0 = Release|Any CPU
		{9B777139-3F10-43FE-8CA0-D5C1CCF11535}.Debug|Any CPU.ActiveCfg = Debug|Any CPU
		{9B777139-3F10-43FE-8CA0-D5C1CCF11535}.Debug|Any CPU.Build.0 = Debug|Any CPU
		{9B777139-3F10-43FE-8CA0-D5C1CCF11535}.Release|Any CPU.ActiveCfg = Release|Any CPU
		{9B777139-3F10-43FE-8CA0-D5C1CCF11535}.Release|Any CPU.Build.0 = Release|Any CPU
	EndGlobalSection
	GlobalSection(SolutionProperties) = preSolution
		HideSolutionNode = FALSE
	EndGlobalSection
	GlobalSection(NestedProjects) = preSolution
		{60C881D5-1DDB-4DE9-B44D-41FE3CE00E80} = {D0F60E24-8C58-4CC4-ADEF-AD578ABF8CDB}
		{C7A49C51-D781-499A-9ED9-4FB792DE8F54} = {F982A115-4CEF-4D3E-8906-DA38AF6A4398}
		{9B777139-3F10-43FE-8CA0-D5C1CCF11535} = {D0F60E24-8C58-4CC4-ADEF-AD578ABF8CDB}
	EndGlobalSection
	GlobalSection(ExtensibilityGlobals) = postSolution
		SolutionGuid = {50BA7D79-6B00-4450-8155-DDA9627FE681}
	EndGlobalSection
EndGlobal
